
Microsoft Visual Studio Solution File, Format Version 12.00
# Visual Studio Version 16
VisualStudioVersion = 16.0.30204.135
MinimumVisualStudioVersion = 10.0.40219.1
Project("{FAE04EC0-301F-11D3-BF4B-00C04F79EFBC}") = "QuanLySinhVien", "QuanLySinhVien\QuanLySinhVien.csproj", "{D11EFD31-0A8A-4DB4-AE0F-0C2F6A797F20}"
EndProject
Project("{FAE04EC0-301F-11D3-BF4B-00C04F79EFBC}") = "DTO", "DTO\DTO.csproj", "{A3BB8A33-89D0-4341-BE75-4169694A00F3}"
EndProject
Project("{FAE04EC0-301F-11D3-BF4B-00C04F79EFBC}") = "BUS", "BUS\BUS.csproj", "{799E532D-ED66-4081-8F3E-3FEC79826CDD}"
EndProject
Project("{FAE04EC0-301F-11D3-BF4B-00C04F79EFBC}") = "DAL", "DAL\DAL.csproj", "{B2A3C093-82C1-4266-ADB7-F7A3DE2C1919}"
EndProject
Project("{FAE04EC0-301F-11D3-BF4B-00C04F79EFBC}") = "GUI", "GUI\GUI.csproj", "{4D7349EF-75F6-443C-944D-7DE3DDEDD8B2}"
EndProject
Global
	GlobalSection(SolutionConfigurationPlatforms) = preSolution
		Debug|Any CPU = Debug|Any CPU
		Release|Any CPU = Release|Any CPU
	EndGlobalSection
	GlobalSection(ProjectConfigurationPlatforms) = postSolution
		{D11EFD31-0A8A-4DB4-AE0F-0C2F6A797F20}.Debug|Any CPU.ActiveCfg = Debug|Any CPU
		{D11EFD31-0A8A-4DB4-AE0F-0C2F6A797F20}.Debug|Any CPU.Build.0 = Debug|Any CPU
		{D11EFD31-0A8A-4DB4-AE0F-0C2F6A797F20}.Release|Any CPU.ActiveCfg = Release|Any CPU
		{D11EFD31-0A8A-4DB4-AE0F-0C2F6A797F20}.Release|Any CPU.Build.0 = Release|Any CPU
		{A3BB8A33-89D0-4341-BE75-4169694A00F3}.Debug|Any CPU.ActiveCfg = Debug|Any CPU
		{A3BB8A33-89D0-4341-BE75-4169694A00F3}.Debug|Any CPU.Build.0 = Debug|Any CPU
		{A3BB8A33-89D0-4341-BE75-4169694A00F3}.Release|Any CPU.ActiveCfg = Release|Any CPU
		{A3BB8A33-89D0-4341-BE75-4169694A00F3}.Release|Any CPU.Build.0 = Release|Any CPU
		{799E532D-ED66-4081-8F3E-3FEC79826CDD}.Debug|Any CPU.ActiveCfg = Debug|Any CPU
		{799E532D-ED66-4081-8F3E-3FEC79826CDD}.Debug|Any CPU.Build.0 = Debug|Any CPU
		{799E532D-ED66-4081-8F3E-3FEC79826CDD}.Release|Any CPU.ActiveCfg = Release|Any CPU
		{799E532D-ED66-4081-8F3E-3FEC79826CDD}.Release|Any CPU.Build.0 = Release|Any CPU
		{B2A3C093-82C1-4266-ADB7-F7A3DE2C1919}.Debug|Any CPU.ActiveCfg = Debug|Any CPU
		{B2A3C093-82C1-4266-ADB7-F7A3DE2C1919}.Debug|Any CPU.Build.0 = Debug|Any CPU
		{B2A3C093-82C1-4266-ADB7-F7A3DE2C1919}.Release|Any CPU.ActiveCfg = Release|Any CPU
		{B2A3C093-82C1-4266-ADB7-F7A3DE2C1919}.Release|Any CPU.Build.0 = Release|Any CPU
		{4D7349EF-75F6-443C-944D-7DE3DDEDD8B2}.Debug|Any CPU.ActiveCfg = Debug|Any CPU
		{4D7349EF-75F6-443C-944D-7DE3DDEDD8B2}.Debug|Any CPU.Build.0 = Debug|Any CPU
		{4D7349EF-75F6-443C-944D-7DE3DDEDD8B2}.Release|Any CPU.ActiveCfg = Release|Any CPU
		{4D7349EF-75F6-443C-944D-7DE3DDEDD8B2}.Release|Any CPU.Build.0 = Release|Any CPU
	EndGlobalSection
	GlobalSection(SolutionProperties) = preSolution
		HideSolutionNode = FALSE
	EndGlobalSection
	GlobalSection(ExtensibilityGlobals) = postSolution
		SolutionGuid = {DA19D5AC-95A8-4C54-B57B-87EC2A5E4978}
	EndGlobalSection
EndGlobal
